
Microsoft Visual Studio Solution File, Format Version 12.00
# Visual Studio Version 16
VisualStudioVersion = 16.0.29102.190
MinimumVisualStudioVersion = 10.0.40219.1
Project("{FAE04EC0-301F-11D3-BF4B-00C04F79EFBC}") = "UniformDataOperator", "UniformDataOperator.csproj", "{98BD25CA-0338-405B-A1CA-1A63CE9DA34D}"
EndProject
Global
	GlobalSection(SolutionConfigurationPlatforms) = preSolution
		Debug|Any CPU = Debug|Any CPU
		Release|Any CPU = Release|Any CPU
	EndGlobalSection
	GlobalSection(ProjectConfigurationPlatforms) = postSolution
		{98BD25CA-0338-405B-A1CA-1A63CE9DA34D}.Debug|Any CPU.ActiveCfg = Debug|Any CPU
		{98BD25CA-0338-405B-A1CA-1A63CE9DA34D}.Debug|Any CPU.Build.0 = Debug|Any CPU
		{98BD25CA-0338-405B-A1CA-1A63CE9DA34D}.Release|Any CPU.ActiveCfg = Release|Any CPU
		{98BD25CA-0338-405B-A1CA-1A63CE9DA34D}.Release|Any CPU.Build.0 = Release|Any CPU
	EndGlobalSection
	GlobalSection(SolutionProperties) = preSolution
		HideSolutionNode = FALSE
	EndGlobalSection
	GlobalSection(ExtensibilityGlobals) = postSolution
		SolutionGuid = {F21ACC8C-8DC9-4C48-969D-11F14B73C526}
	EndGlobalSection
EndGlobal
